
Microsoft Visual Studio Solution File, Format Version 12.00
# Visual Studio Version 17
VisualStudioVersion = 17.0.31903.59
MinimumVisualStudioVersion = 10.0.40219.1
Project("{2150E333-8FDC-42A3-9474-1A3956D46DE8}") = "src", "src", "{827E0CD3-B72D-47B6-A68D-7590B98EB39B}"
EndProject
Project("{FAE04EC0-301F-11D3-BF4B-00C04F79EFBC}") = "Money.Api", "src\Money.Api\Money.Api.csproj", "{DED24DE4-6136-4C13-9B48-A46760F0D195}"
EndProject
Project("{FAE04EC0-301F-11D3-BF4B-00C04F79EFBC}") = "Money.Application", "src\Money.Application\Money.Application.csproj", "{2A49AFA5-23AF-4CE3-B109-A5952F4F3073}"
EndProject
Project("{FAE04EC0-301F-11D3-BF4B-00C04F79EFBC}") = "Money.Desktop", "src\Money.Desktop\Money.Desktop.csproj", "{01015D97-5260-4EDE-A95D-3153CEF0A1C8}"
EndProject
Project("{FAE04EC0-301F-11D3-BF4B-00C04F79EFBC}") = "Money.Domain", "src\Money.Domain\Money.Domain.csproj", "{52664313-AEE5-43FC-A19E-153B2E93D874}"
EndProject
Project("{FAE04EC0-301F-11D3-BF4B-00C04F79EFBC}") = "Money.Infrastructure", "src\Money.Infrastructure\Money.Infrastructure.csproj", "{3B09E239-13E4-42BA-89BF-09365DF8154B}"
EndProject
Project("{FAE04EC0-301F-11D3-BF4B-00C04F79EFBC}") = "Money.Api.Tests", "tests\Money.Api.Tests\Money.Api.Tests.csproj", "{2B21F0CA-DD87-4021-AFE1-603C3EC67B43}"
EndProject
Project("{FAE04EC0-301F-11D3-BF4B-00C04F79EFBC}") = "Money.Application.Tests", "tests\Money.Application.Tests\Money.Application.Tests.csproj", "{DA391DBF-3E6A-4250-B635-9637A44C7029}"
EndProject
Project("{FAE04EC0-301F-11D3-BF4B-00C04F79EFBC}") = "Money.Architecture.Tests", "tests\Money.Architecture.Tests\Money.Architecture.Tests.csproj", "{4382A2CC-9A9D-4754-8FF5-0A2CAC8B26BE}"
EndProject
Project("{FAE04EC0-301F-11D3-BF4B-00C04F79EFBC}") = "Money.Domain.Tests", "tests\Money.Domain.Tests\Money.Domain.Tests.csproj", "{615C91A8-4EC8-4A50-81AF-98965EAB5745}"
EndProject
Project("{FAE04EC0-301F-11D3-BF4B-00C04F79EFBC}") = "Money.TestSupport", "tests\Money.TestSupport\Money.TestSupport.csproj", "{CA91F0F3-F571-405E-99BC-A038A73CB22F}"
EndProject
Global
	GlobalSection(SolutionConfigurationPlatforms) = preSolution
		Debug|Any CPU = Debug|Any CPU
		Debug|x64 = Debug|x64
		Debug|x86 = Debug|x86
		Release|Any CPU = Release|Any CPU
		Release|x64 = Release|x64
		Release|x86 = Release|x86
	EndGlobalSection
	GlobalSection(ProjectConfigurationPlatforms) = postSolution
		{DED24DE4-6136-4C13-9B48-A46760F0D195}.Debug|Any CPU.ActiveCfg = Debug|Any CPU
		{DED24DE4-6136-4C13-9B48-A46760F0D195}.Debug|Any CPU.Build.0 = Debug|Any CPU
		{DED24DE4-6136-4C13-9B48-A46760F0D195}.Debug|x64.ActiveCfg = Debug|Any CPU
		{DED24DE4-6136-4C13-9B48-A46760F0D195}.Debug|x64.Build.0 = Debug|Any CPU
		{DED24DE4-6136-4C13-9B48-A46760F0D195}.Debug|x86.ActiveCfg = Debug|Any CPU
		{DED24DE4-6136-4C13-9B48-A46760F0D195}.Debug|x86.Build.0 = Debug|Any CPU
		{DED24DE4-6136-4C13-9B48-A46760F0D195}.Release|Any CPU.ActiveCfg = Release|Any CPU
		{DED24DE4-6136-4C13-9B48-A46760F0D195}.Release|Any CPU.Build.0 = Release|Any CPU
		{DED24DE4-6136-4C13-9B48-A46760F0D195}.Release|x64.ActiveCfg = Release|Any CPU
		{DED24DE4-6136-4C13-9B48-A46760F0D195}.Release|x64.Build.0 = Release|Any CPU
		{DED24DE4-6136-4C13-9B48-A46760F0D195}.Release|x86.ActiveCfg = Release|Any CPU
		{DED24DE4-6136-4C13-9B48-A46760F0D195}.Release|x86.Build.0 = Release|Any CPU
		{2A49AFA5-23AF-4CE3-B109-A5952F4F3073}.Debug|Any CPU.ActiveCfg = Debug|Any CPU
		{2A49AFA5-23AF-4CE3-B109-A5952F4F3073}.Debug|Any CPU.Build.0 = Debug|Any CPU
		{2A49AFA5-23AF-4CE3-B109-A5952F4F3073}.Debug|x64.ActiveCfg = Debug|Any CPU
		{2A49AFA5-23AF-4CE3-B109-A5952F4F3073}.Debug|x64.Build.0 = Debug|Any CPU
		{2A49AFA5-23AF-4CE3-B109-A5952F4F3073}.Debug|x86.ActiveCfg = Debug|Any CPU
		{2A49AFA5-23AF-4CE3-B109-A5952F4F3073}.Debug|x86.Build.0 = Debug|Any CPU
		{2A49AFA5-23AF-4CE3-B109-A5952F4F3073}.Release|Any CPU.ActiveCfg = Release|Any CPU
		{2A49AFA5-23AF-4CE3-B109-A5952F4F3073}.Release|Any CPU.Build.0 = Release|Any CPU
		{2A49AFA5-23AF-4CE3-B109-A5952F4F3073}.Release|x64.ActiveCfg = Release|Any CPU
		{2A49AFA5-23AF-4CE3-B109-A5952F4F3073}.Release|x64.Build.0 = Release|Any CPU
		{2A49AFA5-23AF-4CE3-B109-A5952F4F3073}.Release|x86.ActiveCfg = Release|Any CPU
		{2A49AFA5-23AF-4CE3-B109-A5952F4F3073}.Release|x86.Build.0 = Release|Any CPU
		{01015D97-5260-4EDE-A95D-3153CEF0A1C8}.Debug|Any CPU.ActiveCfg = Debug|Any CPU
		{01015D97-5260-4EDE-A95D-3153CEF0A1C8}.Debug|Any CPU.Build.0 = Debug|Any CPU
		{01015D97-5260-4EDE-A95D-3153CEF0A1C8}.Debug|x64.ActiveCfg = Debug|Any CPU
		{01015D97-5260-4EDE-A95D-3153CEF0A1C8}.Debug|x64.Build.0 = Debug|Any CPU
		{01015D97-5260-4EDE-A95D-3153CEF0A1C8}.Debug|x86.ActiveCfg = Debug|Any CPU
		{01015D97-5260-4EDE-A95D-3153CEF0A1C8}.Debug|x86.Build.0 = Debug|Any CPU
		{01015D97-5260-4EDE-A95D-3153CEF0A1C8}.Release|Any CPU.ActiveCfg = Release|Any CPU
		{01015D97-5260-4EDE-A95D-3153CEF0A1C8}.Release|Any CPU.Build.0 = Release|Any CPU
		{01015D97-5260-4EDE-A95D-3153CEF0A1C8}.Release|x64.ActiveCfg = Release|Any CPU
		{01015D97-5260-4EDE-A95D-3153CEF0A1C8}.Release|x64.Build.0 = Release|Any CPU
		{01015D97-5260-4EDE-A95D-3153CEF0A1C8}.Release|x86.ActiveCfg = Release|Any CPU
		{01015D97-5260-4EDE-A95D-3153CEF0A1C8}.Release|x86.Build.0 = Release|Any CPU
		{52664313-AEE5-43FC-A19E-153B2E93D874}.Debug|Any CPU.ActiveCfg = Debug|Any CPU
		{52664313-AEE5-43FC-A19E-153B2E93D874}.Debug|Any CPU.Build.0 = Debug|Any CPU
		{52664313-AEE5-43FC-A19E-153B2E93D874}.Debug|x64.ActiveCfg = Debug|Any CPU
		{52664313-AEE5-43FC-A19E-153B2E93D874}.Debug|x64.Build.0 = Debug|Any CPU
		{52664313-AEE5-43FC-A19E-153B2E93D874}.Debug|x86.ActiveCfg = Debug|Any CPU
		{52664313-AEE5-43FC-A19E-153B2E93D874}.Debug|x86.Build.0 = Debug|Any CPU
		{52664313-AEE5-43FC-A19E-153B2E93D874}.Release|Any CPU.ActiveCfg = Release|Any CPU
		{52664313-AEE5-43FC-A19E-153B2E93D874}.Release|Any CPU.Build.0 = Release|Any CPU
		{52664313-AEE5-43FC-A19E-153B2E93D874}.Release|x64.ActiveCfg = Release|Any CPU
		{52664313-AEE5-43FC-A19E-153B2E93D874}.Release|x64.Build.0 = Release|Any CPU
		{52664313-AEE5-43FC-A19E-153B2E93D874}.Release|x86.ActiveCfg = Release|Any CPU
		{52664313-AEE5-43FC-A19E-153B2E93D874}.Release|x86.Build.0 = Release|Any CPU
		{3B09E239-13E4-42BA-89BF-09365DF8154B}.Debug|Any CPU.ActiveCfg = Debug|Any CPU
		{3B09E239-13E4-42BA-89BF-09365DF8154B}.Debug|Any CPU.Build.0 = Debug|Any CPU
		{3B09E239-13E4-42BA-89BF-09365DF8154B}.Debug|x64.ActiveCfg = Debug|Any CPU
		{3B09E239-13E4-42BA-89BF-09365DF8154B}.Debug|x64.Build.0 = Debug|Any CPU
		{3B09E239-13E4-42BA-89BF-09365DF8154B}.Debug|x86.ActiveCfg = Debug|Any CPU
		{3B09E239-13E4-42BA-89BF-09365DF8154B}.Debug|x86.Build.0 = Debug|Any CPU
		{3B09E239-13E4-42BA-89BF-09365DF8154B}.Release|Any CPU.ActiveCfg = Release|Any CPU
		{3B09E239-13E4-42BA-89BF-09365DF8154B}.Release|Any CPU.Build.0 = Release|Any CPU
		{3B09E239-13E4-42BA-89BF-09365DF8154B}.Release|x64.ActiveCfg = Release|Any CPU
		{3B09E239-13E4-42BA-89BF-09365DF8154B}.Release|x64.Build.0 = Release|Any CPU
		{3B09E239-13E4-42BA-89BF-09365DF8154B}.Release|x86.ActiveCfg = Release|Any CPU
		{3B09E239-13E4-42BA-89BF-09365DF8154B}.Release|x86.Build.0 = Release|Any CPU
		{2B21F0CA-DD87-4021-AFE1-603C3EC67B43}.Debug|Any CPU.ActiveCfg = Debug|Any CPU
		{2B21F0CA-DD87-4021-AFE1-603C3EC67B43}.Debug|Any CPU.Build.0 = Debug|Any CPU
		{2B21F0CA-DD87-4021-AFE1-603C3EC67B43}.Debug|x64.ActiveCfg = Debug|Any CPU
		{2B21F0CA-DD87-4021-AFE1-603C3EC67B43}.Debug|x64.Build.0 = Debug|Any CPU
		{2B21F0CA-DD87-4021-AFE1-603C3EC67B43}.Debug|x86.ActiveCfg = Debug|Any CPU
		{2B21F0CA-DD87-4021-AFE1-603C3EC67B43}.Debug|x86.Build.0 = Debug|Any CPU
		{2B21F0CA-DD87-4021-AFE1-603C3EC67B43}.Release|Any CPU.ActiveCfg = Release|Any CPU
		{2B21F0CA-DD87-4021-AFE1-603C3EC67B43}.Release|Any CPU.Build.0 = Release|Any CPU
		{2B21F0CA-DD87-4021-AFE1-603C3EC67B43}.Release|x64.ActiveCfg = Release|Any CPU
		{2B21F0CA-DD87-4021-AFE1-603C3EC67B43}.Release|x64.Build.0 = Release|Any CPU
		{2B21F0CA-DD87-4021-AFE1-603C3EC67B43}.Release|x86.ActiveCfg = Release|Any CPU
		{2B21F0CA-DD87-4021-AFE1-603C3EC67B43}.Release|x86.Build.0 = Release|Any CPU
		{DA391DBF-3E6A-4250-B635-9637A44C7029}.Debug|Any CPU.ActiveCfg = Debug|Any CPU
		{DA391DBF-3E6A-4250-B635-9637A44C7029}.Debug|Any CPU.Build.0 = Debug|Any CPU
		{DA391DBF-3E6A-4250-B635-9637A44C7029}.Debug|x64.ActiveCfg = Debug|Any CPU
		{DA391DBF-3E6A-4250-B635-9637A44C7029}.Debug|x64.Build.0 = Debug|Any CPU
		{DA391DBF-3E6A-4250-B635-9637A44C7029}.Debug|x86.ActiveCfg = Debug|Any CPU
		{DA391DBF-3E6A-4250-B635-9637A44C7029}.Debug|x86.Build.0 = Debug|Any CPU
		{DA391DBF-3E6A-4250-B635-9637A44C7029}.Release|Any CPU.ActiveCfg = Release|Any CPU
		{DA391DBF-3E6A-4250-B635-9637A44C7029}.Release|Any CPU.Build.0 = Release|Any CPU
		{DA391DBF-3E6A-4250-B635-9637A44C7029}.Release|x64.ActiveCfg = Release|Any CPU
		{DA391DBF-3E6A-4250-B635-9637A44C7029}.Release|x64.Build.0 = Release|Any CPU
		{DA391DBF-3E6A-4250-B635-9637A44C7029}.Release|x86.ActiveCfg = Release|Any CPU
		{DA391DBF-3E6A-4250-B635-9637A44C7029}.Release|x86.Build.0 = Release|Any CPU
		{4382A2CC-9A9D-4754-8FF5-0A2CAC8B26BE}.Debug|Any CPU.ActiveCfg = Debug|Any CPU
		{4382A2CC-9A9D-4754-8FF5-0A2CAC8B26BE}.Debug|Any CPU.Build.0 = Debug|Any CPU
		{4382A2CC-9A9D-4754-8FF5-0A2CAC8B26BE}.Debug|x64.ActiveCfg = Debug|Any CPU
		{4382A2CC-9A9D-4754-8FF5-0A2CAC8B26BE}.Debug|x64.Build.0 = Debug|Any CPU
		{4382A2CC-9A9D-4754-8FF5-0A2CAC8B26BE}.Debug|x86.ActiveCfg = Debug|Any CPU
		{4382A2CC-9A9D-4754-8FF5-0A2CAC8B26BE}.Debug|x86.Build.0 = Debug|Any CPU
		{4382A2CC-9A9D-4754-8FF5-0A2CAC8B26BE}.Release|Any CPU.ActiveCfg = Release|Any CPU
		{4382A2CC-9A9D-4754-8FF5-0A2CAC8B26BE}.Release|Any CPU.Build.0 = Release|Any CPU
		{4382A2CC-9A9D-4754-8FF5-0A2CAC8B26BE}.Release|x64.ActiveCfg = Release|Any CPU
		{4382A2CC-9A9D-4754-8FF5-0A2CAC8B26BE}.Release|x64.Build.0 = Release|Any CPU
		{4382A2CC-9A9D-4754-8FF5-0A2CAC8B26BE}.Release|x86.ActiveCfg = Release|Any CPU
		{4382A2CC-9A9D-4754-8FF5-0A2CAC8B26BE}.Release|x86.Build.0 = Release|Any CPU
		{615C91A8-4EC8-4A50-81AF-98965EAB5745}.Debug|Any CPU.ActiveCfg = Debug|Any CPU
		{615C91A8-4EC8-4A50-81AF-98965EAB5745}.Debug|Any CPU.Build.0 = Debug|Any CPU
		{615C91A8-4EC8-4A50-81AF-98965EAB5745}.Debug|x64.ActiveCfg = Debug|Any CPU
		{615C91A8-4EC8-4A50-81AF-98965EAB5745}.Debug|x64.Build.0 = Debug|Any CPU
		{615C91A8-4EC8-4A50-81AF-98965EAB5745}.Debug|x86.ActiveCfg = Debug|Any CPU
		{615C91A8-4EC8-4A50-81AF-98965EAB5745}.Debug|x86.Build.0 = Debug|Any CPU
		{615C91A8-4EC8-4A50-81AF-98965EAB5745}.Release|Any CPU.ActiveCfg = Release|Any CPU
		{615C91A8-4EC8-4A50-81AF-98965EAB5745}.Release|Any CPU.Build.0 = Release|Any CPU
		{615C91A8-4EC8-4A50-81AF-98965EAB5745}.Release|x64.ActiveCfg = Release|Any CPU
		{615C91A8-4EC8-4A50-81AF-98965EAB5745}.Release|x64.Build.0 = Release|Any CPU
		{615C91A8-4EC8-4A50-81AF-98965EAB5745}.Release|x86.ActiveCfg = Release|Any CPU
		{615C91A8-4EC8-4A50-81AF-98965EAB5745}.Release|x86.Build.0 = Release|Any CPU
		{CA91F0F3-F571-405E-99BC-A038A73CB22F}.Debug|Any CPU.ActiveCfg = Debug|Any CPU
		{CA91F0F3-F571-405E-99BC-A038A73CB22F}.Debug|Any CPU.Build.0 = Debug|Any CPU
		{CA91F0F3-F571-405E-99BC-A038A73CB22F}.Debug|x64.ActiveCfg = Debug|Any CPU
		{CA91F0F3-F571-405E-99BC-A038A73CB22F}.Debug|x64.Build.0 = Debug|Any CPU
		{CA91F0F3-F571-405E-99BC-A038A73CB22F}.Debug|x86.ActiveCfg = Debug|Any CPU
		{CA91F0F3-F571-405E-99BC-A038A73CB22F}.Debug|x86.Build.0 = Debug|Any CPU
		{CA91F0F3-F571-405E-99BC-A038A73CB22F}.Release|Any CPU.ActiveCfg = Release|Any CPU
		{CA91F0F3-F571-405E-99BC-A038A73CB22F}.Release|Any CPU.Build.0 = Release|Any CPU
		{CA91F0F3-F571-405E-99BC-A038A73CB22F}.Release|x64.ActiveCfg = Release|Any CPU
		{CA91F0F3-F571-405E-99BC-A038A73CB22F}.Release|x64.Build.0 = Release|Any CPU
		{CA91F0F3-F571-405E-99BC-A038A73CB22F}.Release|x86.ActiveCfg = Release|Any CPU
		{CA91F0F3-F571-405E-99BC-A038A73CB22F}.Release|x86.Build.0 = Release|Any CPU
	EndGlobalSection
	GlobalSection(SolutionProperties) = preSolution
		HideSolutionNode = FALSE
	EndGlobalSection
	GlobalSection(NestedProjects) = preSolution
		{DED24DE4-6136-4C13-9B48-A46760F0D195} = {827E0CD3-B72D-47B6-A68D-7590B98EB39B}
		{2A49AFA5-23AF-4CE3-B109-A5952F4F3073} = {827E0CD3-B72D-47B6-A68D-7590B98EB39B}
		{01015D97-5260-4EDE-A95D-3153CEF0A1C8} = {827E0CD3-B72D-47B6-A68D-7590B98EB39B}
		{52664313-AEE5-43FC-A19E-153B2E93D874} = {827E0CD3-B72D-47B6-A68D-7590B98EB39B}
		{3B09E239-13E4-42BA-89BF-09365DF8154B} = {827E0CD3-B72D-47B6-A68D-7590B98EB39B}
		{2B21F0CA-DD87-4021-AFE1-603C3EC67B43} = {827E0CD3-B72D-47B6-A68D-7590B98EB39B}
		{DA391DBF-3E6A-4250-B635-9637A44C7029} = {827E0CD3-B72D-47B6-A68D-7590B98EB39B}
		{4382A2CC-9A9D-4754-8FF5-0A2CAC8B26BE} = {827E0CD3-B72D-47B6-A68D-7590B98EB39B}
		{615C91A8-4EC8-4A50-81AF-98965EAB5745} = {827E0CD3-B72D-47B6-A68D-7590B98EB39B}
		{CA91F0F3-F571-405E-99BC-A038A73CB22F} = {827E0CD3-B72D-47B6-A68D-7590B98EB39B}
	EndGlobalSection
EndGlobal
